
Microsoft Visual Studio Solution File, Format Version 12.00
# Visual Studio Version 16
VisualStudioVersion = 16.0.32106.194
MinimumVisualStudioVersion = 10.0.40219.1
Project("{FAE04EC0-301F-11D3-BF4B-00C04F79EFBC}") = "practical_08", "practical_08\practical_08.csproj", "{6E232968-DE1B-47D5-A411-8F6FFA09DAAF}"
EndProject
Project("{FAE04EC0-301F-11D3-BF4B-00C04F79EFBC}") = "practical08.test", "practical08.test\practical08.test.csproj", "{53229C98-08E7-4E7D-AE29-B0E1BDE6082A}"
EndProject
Global
	GlobalSection(SolutionConfigurationPlatforms) = preSolution
		Debug|Any CPU = Debug|Any CPU
		Release|Any CPU = Release|Any CPU
	EndGlobalSection
	GlobalSection(ProjectConfigurationPlatforms) = postSolution
		{6E232968-DE1B-47D5-A411-8F6FFA09DAAF}.Debug|Any CPU.ActiveCfg = Debug|Any CPU
		{6E232968-DE1B-47D5-A411-8F6FFA09DAAF}.Debug|Any CPU.Build.0 = Debug|Any CPU
		{6E232968-DE1B-47D5-A411-8F6FFA09DAAF}.Release|Any CPU.ActiveCfg = Release|Any CPU
		{6E232968-DE1B-47D5-A411-8F6FFA09DAAF}.Release|Any CPU.Build.0 = Release|Any CPU
		{53229C98-08E7-4E7D-AE29-B0E1BDE6082A}.Debug|Any CPU.ActiveCfg = Debug|Any CPU
		{53229C98-08E7-4E7D-AE29-B0E1BDE6082A}.Debug|Any CPU.Build.0 = Debug|Any CPU
		{53229C98-08E7-4E7D-AE29-B0E1BDE6082A}.Release|Any CPU.ActiveCfg = Release|Any CPU
		{53229C98-08E7-4E7D-AE29-B0E1BDE6082A}.Release|Any CPU.Build.0 = Release|Any CPU
	EndGlobalSection
	GlobalSection(SolutionProperties) = preSolution
		HideSolutionNode = FALSE
	EndGlobalSection
	GlobalSection(ExtensibilityGlobals) = postSolution
		SolutionGuid = {A43AB9AC-8D30-4447-BD65-25D16E5540B0}
	EndGlobalSection
EndGlobal
