
Microsoft Visual Studio Solution File, Format Version 12.00
# Visual Studio Version 16
VisualStudioVersion = 16.0.32106.194
MinimumVisualStudioVersion = 10.0.40219.1
Project("{FAE04EC0-301F-11D3-BF4B-00C04F79EFBC}") = "practical_10", "practical_10\practical_10.csproj", "{22A26373-D7B4-45D9-B7E6-B280C715B53B}"
EndProject
Global
	GlobalSection(SolutionConfigurationPlatforms) = preSolution
		Debug|Any CPU = Debug|Any CPU
		Release|Any CPU = Release|Any CPU
	EndGlobalSection
	GlobalSection(ProjectConfigurationPlatforms) = postSolution
		{22A26373-D7B4-45D9-B7E6-B280C715B53B}.Debug|Any CPU.ActiveCfg = Debug|Any CPU
		{22A26373-D7B4-45D9-B7E6-B280C715B53B}.Debug|Any CPU.Build.0 = Debug|Any CPU
		{22A26373-D7B4-45D9-B7E6-B280C715B53B}.Release|Any CPU.ActiveCfg = Release|Any CPU
		{22A26373-D7B4-45D9-B7E6-B280C715B53B}.Release|Any CPU.Build.0 = Release|Any CPU
	EndGlobalSection
	GlobalSection(SolutionProperties) = preSolution
		HideSolutionNode = FALSE
	EndGlobalSection
	GlobalSection(ExtensibilityGlobals) = postSolution
		SolutionGuid = {51A97053-3A68-45F4-93E5-11569AE690EC}
	EndGlobalSection
EndGlobal
